
Microsoft Visual Studio Solution File, Format Version 12.00
# Visual Studio Version 16
VisualStudioVersion = 16.0.29215.179
MinimumVisualStudioVersion = 10.0.40219.1
Project("{FAE04EC0-301F-11D3-BF4B-00C04F79EFBC}") = "MusicMaker", "MusicMaker\MusicMaker.csproj", "{F02B11C5-4C2B-4663-BC5F-31E894F9552D}"
EndProject
Global
	GlobalSection(SolutionConfigurationPlatforms) = preSolution
		Debug|Any CPU = Debug|Any CPU
		Release|Any CPU = Release|Any CPU
	EndGlobalSection
	GlobalSection(ProjectConfigurationPlatforms) = postSolution
		{F02B11C5-4C2B-4663-BC5F-31E894F9552D}.Debug|Any CPU.ActiveCfg = Debug|Any CPU
		{F02B11C5-4C2B-4663-BC5F-31E894F9552D}.Debug|Any CPU.Build.0 = Debug|Any CPU
		{F02B11C5-4C2B-4663-BC5F-31E894F9552D}.Release|Any CPU.ActiveCfg = Release|Any CPU
		{F02B11C5-4C2B-4663-BC5F-31E894F9552D}.Release|Any CPU.Build.0 = Release|Any CPU
	EndGlobalSection
	GlobalSection(SolutionProperties) = preSolution
		HideSolutionNode = FALSE
	EndGlobalSection
	GlobalSection(ExtensibilityGlobals) = postSolution
		SolutionGuid = {AF5F20E5-BEBA-4318-A032-3D66414B02F6}
	EndGlobalSection
EndGlobal
