
Microsoft Visual Studio Solution File, Format Version 12.00
# Visual Studio Version 16
VisualStudioVersion = 16.0.29215.179
MinimumVisualStudioVersion = 10.0.40219.1
Project("{FAE04EC0-301F-11D3-BF4B-00C04F79EFBC}") = "Restraunt Order", "Restraunt Order\Restraunt Order.csproj", "{A246BD78-49DA-44A2-88C8-30C01CCD5431}"
EndProject
Global
	GlobalSection(SolutionConfigurationPlatforms) = preSolution
		Debug|Any CPU = Debug|Any CPU
		Release|Any CPU = Release|Any CPU
	EndGlobalSection
	GlobalSection(ProjectConfigurationPlatforms) = postSolution
		{A246BD78-49DA-44A2-88C8-30C01CCD5431}.Debug|Any CPU.ActiveCfg = Debug|Any CPU
		{A246BD78-49DA-44A2-88C8-30C01CCD5431}.Debug|Any CPU.Build.0 = Debug|Any CPU
		{A246BD78-49DA-44A2-88C8-30C01CCD5431}.Release|Any CPU.ActiveCfg = Release|Any CPU
		{A246BD78-49DA-44A2-88C8-30C01CCD5431}.Release|Any CPU.Build.0 = Release|Any CPU
	EndGlobalSection
	GlobalSection(SolutionProperties) = preSolution
		HideSolutionNode = FALSE
	EndGlobalSection
	GlobalSection(ExtensibilityGlobals) = postSolution
		SolutionGuid = {4C155250-BE21-465B-AE94-80292A2DBD90}
	EndGlobalSection
EndGlobal
